// !$*UTF8*$!
{
	archiveVersion = 1;
	classes = {
	};
	objectVersion = 56;
	objects = {

/* Begin PBXBuildFile section */
		3F73DFAE2A4A25D7000BEC25 /* AppDelegate.swift in Sources */ = {isa = PBXBuildFile; fileRef = 3F73DFAD2A4A25D7000BEC25 /* AppDelegate.swift */; };
		3F73DFB02A4A25D7000BEC25 /* SceneDelegate.swift in Sources */ = {isa = PBXBuildFile; fileRef = 3F73DFAF2A4A25D7000BEC25 /* SceneDelegate.swift */; };
		3F73DFB22A4A25D7000BEC25 /* ViewController.swift in Sources */ = {isa = PBXBuildFile; fileRef = 3F73DFB12A4A25D7000BEC25 /* ViewController.swift */; };
		3F73DFB52A4A25D7000BEC25 /* Main.storyboard in Resources */ = {isa = PBXBuildFile; fileRef = 3F73DFB32A4A25D7000BEC25 /* Main.storyboard */; };
		3F73DFB72A4A25D8000BEC25 /* Assets.xcassets in Resources */ = {isa = PBXBuildFile; fileRef = 3F73DFB62A4A25D8000BEC25 /* Assets.xcassets */; };
		3F73DFBA2A4A25D8000BEC25 /* LaunchScreen.storyboard in Resources */ = {isa = PBXBuildFile; fileRef = 3F73DFB82A4A25D8000BEC25 /* LaunchScreen.storyboard */; };
		3F73DFC52A4A25D9000BEC25 /* I_am_PoorTests.swift in Sources */ = {isa = PBXBuildFile; fileRef = 3F73DFC42A4A25D9000BEC25 /* I_am_PoorTests.swift */; };
		3F73DFCF2A4A25D9000BEC25 /* I_am_PoorUITests.swift in Sources */ = {isa = PBXBuildFile; fileRef = 3F73DFCE2A4A25D9000BEC25 /* I_am_PoorUITests.swift */; };
		3F73DFD12A4A25D9000BEC25 /* I_am_PoorUITestsLaunchTests.swift in Sources */ = {isa = PBXBuildFile; fileRef = 3F73DFD02A4A25D9000BEC25 /* I_am_PoorUITestsLaunchTests.swift */; };
/* End PBXBuildFile section */

/* Begin PBXContainerItemProxy section */
		3F73DFC12A4A25D9000BEC25 /* PBXContainerItemProxy */ = {
			isa = PBXContainerItemProxy;
			containerPortal = 3F73DFA22A4A25D7000BEC25 /* Project object */;
			proxyType = 1;
			remoteGlobalIDString = 3F73DFA92A4A25D7000BEC25;
			remoteInfo = "I am Poor";
		};
		3F73DFCB2A4A25D9000BEC25 /* PBXContainerItemProxy */ = {
			isa = PBXContainerItemProxy;
			containerPortal = 3F73DFA22A4A25D7000BEC25 /* Project object */;
			proxyType = 1;
			remoteGlobalIDString = 3F73DFA92A4A25D7000BEC25;
			remoteInfo = "I am Poor";
		};
/* End PBXContainerItemProxy section */

/* Begin PBXFileReference section */
		3F73DFAA2A4A25D7000BEC25 /* I am Poor.app */ = {isa = PBXFileReference; explicitFileType = wrapper.application; includeInIndex = 0; path = "I am Poor.app"; sourceTree = BUILT_PRODUCTS_DIR; };
		3F73DFAD2A4A25D7000BEC25 /* AppDelegate.swift */ = {isa = PBXFileReference; lastKnownFileType = sourcecode.swift; path = AppDelegate.swift; sourceTree = "<group>"; };
		3F73DFAF2A4A25D7000BEC25 /* SceneDelegate.swift */ = {isa = PBXFileReference; lastKnownFileType = sourcecode.swift; path = SceneDelegate.swift; sourceTree = "<group>"; };
		3F73DFB12A4A25D7000BEC25 /* ViewController.swift */ = {isa = PBXFileReference; lastKnownFileType = sourcecode.swift; path = ViewController.swift; sourceTree = "<group>"; };
		3F73DFB42A4A25D7000BEC25 /* Base */ = {isa = PBXFileReference; lastKnownFileType = file.storyboard; name = Base; path = Base.lproj/Main.storyboard; sourceTree = "<group>"; };
		3F73DFB62A4A25D8000BEC25 /* Assets.xcassets */ = {isa = PBXFileReference; lastKnownFileType = folder.assetcatalog; path = Assets.xcassets; sourceTree = "<group>"; };
		3F73DFB92A4A25D8000BEC25 /* Base */ = {isa = PBXFileReference; lastKnownFileType = file.storyboard; name = Base; path = Base.lproj/LaunchScreen.storyboard; sourceTree = "<group>"; };
		3F73DFBB2A4A25D8000BEC25 /* Info.plist */ = {isa = PBXFileReference; lastKnownFileType = text.plist.xml; path = Info.plist; sourceTree = "<group>"; };
		3F73DFC02A4A25D9000BEC25 /* I am PoorTests.xctest */ = {isa = PBXFileReference; explicitFileType = wrapper.cfbundle; includeInIndex = 0; path = "I am PoorTests.xctest"; sourceTree = BUILT_PRODUCTS_DIR; };
		3F73DFC42A4A25D9000BEC25 /* I_am_PoorTests.swift */ = {isa = PBXFileReference; lastKnownFileType = sourcecode.swift; path = I_am_PoorTests.swift; sourceTree = "<group>"; };
		3F73DFCA2A4A25D9000BEC25 /* I am PoorUITests.xctest */ = {isa = PBXFileReference; explicitFileType = wrapper.cfbundle; includeInIndex = 0; path = "I am PoorUITests.xctest"; sourceTree = BUILT_PRODUCTS_DIR; };
		3F73DFCE2A4A25D9000BEC25 /* I_am_PoorUITests.swift */ = {isa = PBXFileReference; lastKnownFileType = sourcecode.swift; path = I_am_PoorUITests.swift; sourceTree = "<group>"; };
		3F73DFD02A4A25D9000BEC25 /* I_am_PoorUITestsLaunchTests.swift */ = {isa = PBXFileReference; lastKnownFileType = sourcecode.swift; path = I_am_PoorUITestsLaunchTests.swift; sourceTree = "<group>"; };
/* End PBXFileReference section */

/* Begin PBXFrameworksBuildPhase section */
		3F73DFA72A4A25D7000BEC25 /* Frameworks */ = {
			isa = PBXFrameworksBuildPhase;
			buildActionMask = 2147483647;
			files = (
			);
			runOnlyForDeploymentPostprocessing = 0;
		};
		3F73DFBD2A4A25D9000BEC25 /* Frameworks */ = {
			isa = PBXFrameworksBuildPhase;
			buildActionMask = 2147483647;
			files = (
			);
			runOnlyForDeploymentPostprocessing = 0;
		};
		3F73DFC72A4A25D9000BEC25 /* Frameworks */ = {
			isa = PBXFrameworksBuildPhase;
			buildActionMask = 2147483647;
			files = (
			);
			runOnlyForDeploymentPostprocessing = 0;
		};
/* End PBXFrameworksBuildPhase section */

/* Begin PBXGroup section */
		3F73DFA12A4A25D7000BEC25 = {
			isa = PBXGroup;
			children = (
				3F73DFAC2A4A25D7000BEC25 /* I am Poor */,
				3F73DFC32A4A25D9000BEC25 /* I am PoorTests */,
				3F73DFCD2A4A25D9000BEC25 /* I am PoorUITests */,
				3F73DFAB2A4A25D7000BEC25 /* Products */,
			);
			sourceTree = "<group>";
		};
		3F73DFAB2A4A25D7000BEC25 /* Products */ = {
			isa = PBXGroup;
			children = (
				3F73DFAA2A4A25D7000BEC25 /* I am Poor.app */,
				3F73DFC02A4A25D9000BEC25 /* I am PoorTests.xctest */,
				3F73DFCA2A4A25D9000BEC25 /* I am PoorUITests.xctest */,
			);
			name = Products;
			sourceTree = "<group>";
		};
		3F73DFAC2A4A25D7000BEC25 /* I am Poor */ = {
			isa = PBXGroup;
			children = (
				3F73DFAD2A4A25D7000BEC25 /* AppDelegate.swift */,
				3F73DFAF2A4A25D7000BEC25 /* SceneDelegate.swift */,
				3F73DFB12A4A25D7000BEC25 /* ViewController.swift */,
				3F73DFB32A4A25D7000BEC25 /* Main.storyboard */,
				3F73DFB62A4A25D8000BEC25 /* Assets.xcassets */,
				3F73DFB82A4A25D8000BEC25 /* LaunchScreen.storyboard */,
				3F73DFBB2A4A25D8000BEC25 /* Info.plist */,
			);
			path = "I am Poor";
			sourceTree = "<group>";
		};
		3F73DFC32A4A25D9000BEC25 /* I am PoorTests */ = {
			isa = PBXGroup;
			children = (
				3F73DFC42A4A25D9000BEC25 /* I_am_PoorTests.swift */,
			);
			path = "I am PoorTests";
			sourceTree = "<group>";
		};
		3F73DFCD2A4A25D9000BEC25 /* I am PoorUITests */ = {
			isa = PBXGroup;
			children = (
				3F73DFCE2A4A25D9000BEC25 /* I_am_PoorUITests.swift */,
				3F73DFD02A4A25D9000BEC25 /* I_am_PoorUITestsLaunchTests.swift */,
			);
			path = "I am PoorUITests";
			sourceTree = "<group>";
		};
/* End PBXGroup section */

/* Begin PBXNativeTarget section */
		3F73DFA92A4A25D7000BEC25 /* I am Poor */ = {
			isa = PBXNativeTarget;
			buildConfigurationList = 3F73DFD42A4A25D9000BEC25 /* Build configuration list for PBXNativeTarget "I am Poor" */;
			buildPhases = (
				3F73DFA62A4A25D7000BEC25 /* Sources */,
				3F73DFA72A4A25D7000BEC25 /* Frameworks */,
				3F73DFA82A4A25D7000BEC25 /* Resources */,
			);
			buildRules = (
			);
			dependencies = (
			);
			name = "I am Poor";
			productName = "I am Poor";
			productReference = 3F73DFAA2A4A25D7000BEC25 /* I am Poor.app */;
			productType = "com.apple.product-type.application";
		};
		3F73DFBF2A4A25D9000BEC25 /* I am PoorTests */ = {
			isa = PBXNativeTarget;
			buildConfigurationList = 3F73DFD72A4A25D9000BEC25 /* Build configuration list for PBXNativeTarget "I am PoorTests" */;
			buildPhases = (
				3F73DFBC2A4A25D9000BEC25 /* Sources */,
				3F73DFBD2A4A25D9000BEC25 /* Frameworks */,
				3F73DFBE2A4A25D9000BEC25 /* Resources */,
			);
			buildRules = (
			);
			dependencies = (
				3F73DFC22A4A25D9000BEC25 /* PBXTargetDependency */,
			);
			name = "I am PoorTests";
			productName = "I am PoorTests";
			productReference = 3F73DFC02A4A25D9000BEC25 /* I am PoorTests.xctest */;
			productType = "com.apple.product-type.bundle.unit-test";
		};
		3F73DFC92A4A25D9000BEC25 /* I am PoorUITests */ = {
			isa = PBXNativeTarget;
			buildConfigurationList = 3F73DFDA2A4A25D9000BEC25 /* Build configuration list for PBXNativeTarget "I am PoorUITests" */;
			buildPhases = (
				3F73DFC62A4A25D9000BEC25 /* Sources */,
				3F73DFC72A4A25D9000BEC25 /* Frameworks */,
				3F73DFC82A4A25D9000BEC25 /* Resources */,
			);
			buildRules = (
			);
			dependencies = (
				3F73DFCC2A4A25D9000BEC25 /* PBXTargetDependency */,
			);
			name = "I am PoorUITests";
			productName = "I am PoorUITests";
			productReference = 3F73DFCA2A4A25D9000BEC25 /* I am PoorUITests.xctest */;
			productType = "com.apple.product-type.bundle.ui-testing";
		};
/* End PBXNativeTarget section */

/* Begin PBXProject section */
		3F73DFA22A4A25D7000BEC25 /* Project object */ = {
			isa = PBXProject;
			attributes = {
				BuildIndependentTargetsInParallel = 1;
				LastSwiftUpdateCheck = 1420;
				LastUpgradeCheck = 1420;
				TargetAttributes = {
					3F73DFA92A4A25D7000BEC25 = {
						CreatedOnToolsVersion = 14.2;
					};
					3F73DFBF2A4A25D9000BEC25 = {
						CreatedOnToolsVersion = 14.2;
						TestTargetID = 3F73DFA92A4A25D7000BEC25;
					};
					3F73DFC92A4A25D9000BEC25 = {
						CreatedOnToolsVersion = 14.2;
						TestTargetID = 3F73DFA92A4A25D7000BEC25;
					};
				};
			};
			buildConfigurationList = 3F73DFA52A4A25D7000BEC25 /* Build configuration list for PBXProject "I am Poor" */;
			compatibilityVersion = "Xcode 14.0";
			developmentRegion = en;
			hasScannedForEncodings = 0;
			knownRegions = (
				en,
				Base,
			);
			mainGroup = 3F73DFA12A4A25D7000BEC25;
			productRefGroup = 3F73DFAB2A4A25D7000BEC25 /* Products */;
			projectDirPath = "";
			projectRoot = "";
			targets = (
				3F73DFA92A4A25D7000BEC25 /* I am Poor */,
				3F73DFBF2A4A25D9000BEC25 /* I am PoorTests */,
				3F73DFC92A4A25D9000BEC25 /* I am PoorUITests */,
			);
		};
/* End PBXProject section */

/* Begin PBXResourcesBuildPhase section */
		3F73DFA82A4A25D7000BEC25 /* Resources */ = {
			isa = PBXResourcesBuildPhase;
			buildActionMask = 2147483647;
			files = (
				3F73DFBA2A4A25D8000BEC25 /* LaunchScreen.storyboard in Resources */,
				3F73DFB72A4A25D8000BEC25 /* Assets.xcassets in Resources */,
				3F73DFB52A4A25D7000BEC25 /* Main.storyboard in Resources */,
			);
			runOnlyForDeploymentPostprocessing = 0;
		};
		3F73DFBE2A4A25D9000BEC25 /* Resources */ = {
			isa = PBXResourcesBuildPhase;
			buildActionMask = 2147483647;
			files = (
			);
			runOnlyForDeploymentPostprocessing = 0;
		};
		3F73DFC82A4A25D9000BEC25 /* Resources */ = {
			isa = PBXResourcesBuildPhase;
			buildActionMask = 2147483647;
			files = (
			);
			runOnlyForDeploymentPostprocessing = 0;
		};
/* End PBXResourcesBuildPhase section */

/* Begin PBXSourcesBuildPhase section */
		3F73DFA62A4A25D7000BEC25 /* Sources */ = {
			isa = PBXSourcesBuildPhase;
			buildActionMask = 2147483647;
			files = (
				3F73DFB22A4A25D7000BEC25 /* ViewController.swift in Sources */,
				3F73DFAE2A4A25D7000BEC25 /* AppDelegate.swift in Sources */,
				3F73DFB02A4A25D7000BEC25 /* SceneDelegate.swift in Sources */,
			);
			runOnlyForDeploymentPostprocessing = 0;
		};
		3F73DFBC2A4A25D9000BEC25 /* Sources */ = {
			isa = PBXSourcesBuildPhase;
			buildActionMask = 2147483647;
			files = (
				3F73DFC52A4A25D9000BEC25 /* I_am_PoorTests.swift in Sources */,
			);
			runOnlyForDeploymentPostprocessing = 0;
		};
		3F73DFC62A4A25D9000BEC25 /* Sources */ = {
			isa = PBXSourcesBuildPhase;
			buildActionMask = 2147483647;
			files = (
				3F73DFD12A4A25D9000BEC25 /* I_am_PoorUITestsLaunchTests.swift in Sources */,
				3F73DFCF2A4A25D9000BEC25 /* I_am_PoorUITests.swift in Sources */,
			);
			runOnlyForDeploymentPostprocessing = 0;
		};
/* End PBXSourcesBuildPhase section */

/* Begin PBXTargetDependency section */
		3F73DFC22A4A25D9000BEC25 /* PBXTargetDependency */ = {
			isa = PBXTargetDependency;
			target = 3F73DFA92A4A25D7000BEC25 /* I am Poor */;
			targetProxy = 3F73DFC12A4A25D9000BEC25 /* PBXContainerItemProxy */;
		};
		3F73DFCC2A4A25D9000BEC25 /* PBXTargetDependency */ = {
			isa = PBXTargetDependency;
			target = 3F73DFA92A4A25D7000BEC25 /* I am Poor */;
			targetProxy = 3F73DFCB2A4A25D9000BEC25 /* PBXContainerItemProxy */;
		};
/* End PBXTargetDependency section */

/* Begin PBXVariantGroup section */
		3F73DFB32A4A25D7000BEC25 /* Main.storyboard */ = {
			isa = PBXVariantGroup;
			children = (
				3F73DFB42A4A25D7000BEC25 /* Base */,
			);
			name = Main.storyboard;
			sourceTree = "<group>";
		};
		3F73DFB82A4A25D8000BEC25 /* LaunchScreen.storyboard */ = {
			isa = PBXVariantGroup;
			children = (
				3F73DFB92A4A25D8000BEC25 /* Base */,
			);
			name = LaunchScreen.storyboard;
			sourceTree = "<group>";
		};
/* End PBXVariantGroup section */

/* Begin XCBuildConfiguration section */
		3F73DFD22A4A25D9000BEC25 /* Debug */ = {
			isa = XCBuildConfiguration;
			buildSettings = {
				ALWAYS_SEARCH_USER_PATHS = NO;
				CLANG_ANALYZER_NONNULL = YES;
				CLANG_ANALYZER_NUMBER_OBJECT_CONVERSION = YES_AGGRESSIVE;
				CLANG_CXX_LANGUAGE_STANDARD = "gnu++20";
				CLANG_ENABLE_MODULES = YES;
				CLANG_ENABLE_OBJC_ARC = YES;
				CLANG_ENABLE_OBJC_WEAK = YES;
				CLANG_WARN_BLOCK_CAPTURE_AUTORELEASING = YES;
				CLANG_WARN_BOOL_CONVERSION = YES;
				CLANG_WARN_COMMA = YES;
				CLANG_WARN_CONSTANT_CONVERSION = YES;
				CLANG_WARN_DEPRECATED_OBJC_IMPLEMENTATIONS = YES;
				CLANG_WARN_DIRECT_OBJC_ISA_USAGE = YES_ERROR;
				CLANG_WARN_DOCUMENTATION_COMMENTS = YES;
				CLANG_WARN_EMPTY_BODY = YES;
				CLANG_WARN_ENUM_CONVERSION = YES;
				CLANG_WARN_INFINITE_RECURSION = YES;
				CLANG_WARN_INT_CONVERSION = YES;
				CLANG_WARN_NON_LITERAL_NULL_CONVERSION = YES;
				CLANG_WARN_OBJC_IMPLICIT_RETAIN_SELF = YES;
				CLANG_WARN_OBJC_LITERAL_CONVERSION = YES;
				CLANG_WARN_OBJC_ROOT_CLASS = YES_ERROR;
				CLANG_WARN_QUOTED_INCLUDE_IN_FRAMEWORK_HEADER = YES;
				CLANG_WARN_RANGE_LOOP_ANALYSIS = YES;
				CLANG_WARN_STRICT_PROTOTYPES = YES;
				CLANG_WARN_SUSPICIOUS_MOVE = YES;
				CLANG_WARN_UNGUARDED_AVAILABILITY = YES_AGGRESSIVE;
				CLANG_WARN_UNREACHABLE_CODE = YES;
				CLANG_WARN__DUPLICATE_METHOD_MATCH = YES;
				COPY_PHASE_STRIP = NO;
				DEBUG_INFORMATION_FORMAT = dwarf;
				ENABLE_STRICT_OBJC_MSGSEND = YES;
				ENABLE_TESTABILITY = YES;
				GCC_C_LANGUAGE_STANDARD = gnu11;
				GCC_DYNAMIC_NO_PIC = NO;
				GCC_NO_COMMON_BLOCKS = YES;
				GCC_OPTIMIZATION_LEVEL = 0;
				GCC_PREPROCESSOR_DEFINITIONS = (
					"DEBUG=1",
					"$(inherited)",
				);
				GCC_WARN_64_TO_32_BIT_CONVERSION = YES;
				GCC_WARN_ABOUT_RETURN_TYPE = YES_ERROR;
				GCC_WARN_UNDECLARED_SELECTOR = YES;
				GCC_WARN_UNINITIALIZED_AUTOS = YES_AGGRESSIVE;
				GCC_WARN_UNUSED_FUNCTION = YES;
				GCC_WARN_UNUSED_VARIABLE = YES;
				IPHONEOS_DEPLOYMENT_TARGET = 16.2;
				MTL_ENABLE_DEBUG_INFO = INCLUDE_SOURCE;
				MTL_FAST_MATH = YES;
				ONLY_ACTIVE_ARCH = YES;
				SDKROOT = iphoneos;
				SWIFT_ACTIVE_COMPILATION_CONDITIONS = DEBUG;
				SWIFT_OPTIMIZATION_LEVEL = "-Onone";
			};
			name = Debug;
		};
		3F73DFD32A4A25D9000BEC25 /* Release */ = {
			isa = XCBuildConfiguration;
			buildSettings = {
				ALWAYS_SEARCH_USER_PATHS = NO;
				CLANG_ANALYZER_NONNULL = YES;
				CLANG_ANALYZER_NUMBER_OBJECT_CONVERSION = YES_AGGRESSIVE;
				CLANG_CXX_LANGUAGE_STANDARD = "gnu++20";
				CLANG_ENABLE_MODULES = YES;
				CLANG_ENABLE_OBJC_ARC = YES;
				CLANG_ENABLE_OBJC_WEAK = YES;
				CLANG_WARN_BLOCK_CAPTURE_AUTORELEASING = YES;
				CLANG_WARN_BOOL_CONVERSION = YES;
				CLANG_WARN_COMMA = YES;
				CLANG_WARN_CONSTANT_CONVERSION = YES;
				CLANG_WARN_DEPRECATED_OBJC_IMPLEMENTATIONS = YES;
				CLANG_WARN_DIRECT_OBJC_ISA_USAGE = YES_ERROR;
				CLANG_WARN_DOCUMENTATION_COMMENTS = YES;
				CLANG_WARN_EMPTY_BODY = YES;
				CLANG_WARN_ENUM_CONVERSION = YES;
				CLANG_WARN_INFINITE_RECURSION = YES;
				CLANG_WARN_INT_CONVERSION = YES;
				CLANG_WARN_NON_LITERAL_NULL_CONVERSION = YES;
				CLANG_WARN_OBJC_IMPLICIT_RETAIN_SELF = YES;
				CLANG_WARN_OBJC_LITERAL_CONVERSION = YES;
				CLANG_WARN_OBJC_ROOT_CLASS = YES_ERROR;
				CLANG_WARN_QUOTED_INCLUDE_IN_FRAMEWORK_HEADER = YES;
				CLANG_WARN_RANGE_LOOP_ANALYSIS = YES;
				CLANG_WARN_STRICT_PROTOTYPES = YES;
				CLANG_WARN_SUSPICIOUS_MOVE = YES;
				CLANG_WARN_UNGUARDED_AVAILABILITY = YES_AGGRESSIVE;
				CLANG_WARN_UNREACHABLE_CODE = YES;
				CLANG_WARN__DUPLICATE_METHOD_MATCH = YES;
				COPY_PHASE_STRIP = NO;
				DEBUG_INFORMATION_FORMAT = "dwarf-with-dsym";
				ENABLE_NS_ASSERTIONS = NO;
				ENABLE_STRICT_OBJC_MSGSEND = YES;
				GCC_C_LANGUAGE_STANDARD = gnu11;
				GCC_NO_COMMON_BLOCKS = YES;
				GCC_WARN_64_TO_32_BIT_CONVERSION = YES;
				GCC_WARN_ABOUT_RETURN_TYPE = YES_ERROR;
				GCC_WARN_UNDECLARED_SELECTOR = YES;
				GCC_WARN_UNINITIALIZED_AUTOS = YES_AGGRESSIVE;
				GCC_WARN_UNUSED_FUNCTION = YES;
				GCC_WARN_UNUSED_VARIABLE = YES;
				IPHONEOS_DEPLOYMENT_TARGET = 16.2;
				MTL_ENABLE_DEBUG_INFO = NO;
				MTL_FAST_MATH = YES;
				SDKROOT = iphoneos;
				SWIFT_COMPILATION_MODE = wholemodule;
				SWIFT_OPTIMIZATION_LEVEL = "-O";
				VALIDATE_PRODUCT = YES;
			};
			name = Release;
		};
		3F73DFD52A4A25D9000BEC25 /* Debug */ = {
			isa = XCBuildConfiguration;
			buildSettings = {
				ASSETCATALOG_COMPILER_APPICON_NAME = AppIcon;
				ASSETCATALOG_COMPILER_GLOBAL_ACCENT_COLOR_NAME = AccentColor;
				CODE_SIGN_STYLE = Automatic;
				CURRENT_PROJECT_VERSION = 1;
				DEVELOPMENT_TEAM = 58N57W7T77;
				GENERATE_INFOPLIST_FILE = YES;
				INFOPLIST_FILE = "I am Poor/Info.plist";
				INFOPLIST_KEY_UIApplicationSupportsIndirectInputEvents = YES;
				INFOPLIST_KEY_UILaunchStoryboardName = LaunchScreen;
				INFOPLIST_KEY_UIMainStoryboardFile = Main;
				INFOPLIST_KEY_UISupportedInterfaceOrientations_iPad = "UIInterfaceOrientationPortrait UIInterfaceOrientationPortraitUpsideDown UIInterfaceOrientationLandscapeLeft UIInterfaceOrientationLandscapeRight";
				INFOPLIST_KEY_UISupportedInterfaceOrientations_iPhone = "UIInterfaceOrientationPortrait UIInterfaceOrientationLandscapeLeft UIInterfaceOrientationLandscapeRight";
				LD_RUNPATH_SEARCH_PATHS = (
					"$(inherited)",
					"@executable_path/Frameworks",
				);
				MARKETING_VERSION = 1.0;
				PRODUCT_BUNDLE_IDENTIFIER = "com.lanamiranda.I-am-Poor";
				PRODUCT_NAME = "$(TARGET_NAME)";
				SWIFT_EMIT_LOC_STRINGS = YES;
				SWIFT_VERSION = 5.0;
				TARGETED_DEVICE_FAMILY = "1,2";
			};
			name = Debug;
		};
		3F73DFD62A4A25D9000BEC25 /* Release */ = {
			isa = XCBuildConfiguration;
			buildSettings = {
				ASSETCATALOG_COMPILER_APPICON_NAME = AppIcon;
				ASSETCATALOG_COMPILER_GLOBAL_ACCENT_COLOR_NAME = AccentColor;
				CODE_SIGN_STYLE = Automatic;
				CURRENT_PROJECT_VERSION = 1;
				DEVELOPMENT_TEAM = 58N57W7T77;
				GENERATE_INFOPLIST_FILE = YES;
				INFOPLIST_FILE = "I am Poor/Info.plist";
				INFOPLIST_KEY_UIApplicationSupportsIndirectInputEvents = YES;
				INFOPLIST_KEY_UILaunchStoryboardName = LaunchScreen;
				INFOPLIST_KEY_UIMainStoryboardFile = Main;
				INFOPLIST_KEY_UISupportedInterfaceOrientations_iPad = "UIInterfaceOrientationPortrait UIInterfaceOrientationPortraitUpsideDown UIInterfaceOrientationLandscapeLeft UIInterfaceOrientationLandscapeRight";
				INFOPLIST_KEY_UISupportedInterfaceOrientations_iPhone = "UIInterfaceOrientationPortrait UIInterfaceOrientationLandscapeLeft UIInterfaceOrientationLandscapeRight";
				LD_RUNPATH_SEARCH_PATHS = (
					"$(inherited)",
					"@executable_path/Frameworks",
				);
				MARKETING_VERSION = 1.0;
				PRODUCT_BUNDLE_IDENTIFIER = "com.lanamiranda.I-am-Poor";
				PRODUCT_NAME = "$(TARGET_NAME)";
				SWIFT_EMIT_LOC_STRINGS = YES;
				SWIFT_VERSION = 5.0;
				TARGETED_DEVICE_FAMILY = "1,2";
			};
			name = Release;
		};
		3F73DFD82A4A25D9000BEC25 /* Debug */ = {
			isa = XCBuildConfiguration;
			buildSettings = {
				ALWAYS_EMBED_SWIFT_STANDARD_LIBRARIES = YES;
				BUNDLE_LOADER = "$(TEST_HOST)";
				CODE_SIGN_STYLE = Automatic;
				CURRENT_PROJECT_VERSION = 1;
				DEVELOPMENT_TEAM = 58N57W7T77;
				GENERATE_INFOPLIST_FILE = YES;
				IPHONEOS_DEPLOYMENT_TARGET = 16.2;
				MARKETING_VERSION = 1.0;
				PRODUCT_BUNDLE_IDENTIFIER = "com.lanamiranda.I-am-PoorTests";
				PRODUCT_NAME = "$(TARGET_NAME)";
				SWIFT_EMIT_LOC_STRINGS = NO;
				SWIFT_VERSION = 5.0;
				TARGETED_DEVICE_FAMILY = "1,2";
				TEST_HOST = "$(BUILT_PRODUCTS_DIR)/I am Poor.app/$(BUNDLE_EXECUTABLE_FOLDER_PATH)/I am Poor";
			};
			name = Debug;
		};
		3F73DFD92A4A25D9000BEC25 /* Release */ = {
			isa = XCBuildConfiguration;
			buildSettings = {
				ALWAYS_EMBED_SWIFT_STANDARD_LIBRARIES = YES;
				BUNDLE_LOADER = "$(TEST_HOST)";
				CODE_SIGN_STYLE = Automatic;
				CURRENT_PROJECT_VERSION = 1;
				DEVELOPMENT_TEAM = 58N57W7T77;
				GENERATE_INFOPLIST_FILE = YES;
				IPHONEOS_DEPLOYMENT_TARGET = 16.2;
				MARKETING_VERSION = 1.0;
				PRODUCT_BUNDLE_IDENTIFIER = "com.lanamiranda.I-am-PoorTests";
				PRODUCT_NAME = "$(TARGET_NAME)";
				SWIFT_EMIT_LOC_STRINGS = NO;
				SWIFT_VERSION = 5.0;
				TARGETED_DEVICE_FAMILY = "1,2";
				TEST_HOST = "$(BUILT_PRODUCTS_DIR)/I am Poor.app/$(BUNDLE_EXECUTABLE_FOLDER_PATH)/I am Poor";
			};
			name = Release;
		};
		3F73DFDB2A4A25D9000BEC25 /* Debug */ = {
			isa = XCBuildConfiguration;
			buildSettings = {
				ALWAYS_EMBED_SWIFT_STANDARD_LIBRARIES = YES;
				CODE_SIGN_STYLE = Automatic;
				CURRENT_PROJECT_VERSION = 1;
				DEVELOPMENT_TEAM = 58N57W7T77;
				GENERATE_INFOPLIST_FILE = YES;
				MARKETING_VERSION = 1.0;
				PRODUCT_BUNDLE_IDENTIFIER = "com.lanamiranda.I-am-PoorUITests";
				PRODUCT_NAME = "$(TARGET_NAME)";
				SWIFT_EMIT_LOC_STRINGS = NO;
				SWIFT_VERSION = 5.0;
				TARGETED_DEVICE_FAMILY = "1,2";
				TEST_TARGET_NAME = "I am Poor";
			};
			name = Debug;
		};
		3F73DFDC2A4A25D9000BEC25 /* Release */ = {
			isa = XCBuildConfiguration;
			buildSettings = {
				ALWAYS_EMBED_SWIFT_STANDARD_LIBRARIES = YES;
				CODE_SIGN_STYLE = Automatic;
				CURRENT_PROJECT_VERSION = 1;
				DEVELOPMENT_TEAM = 58N57W7T77;
				GENERATE_INFOPLIST_FILE = YES;
				MARKETING_VERSION = 1.0;
				PRODUCT_BUNDLE_IDENTIFIER = "com.lanamiranda.I-am-PoorUITests";
				PRODUCT_NAME = "$(TARGET_NAME)";
				SWIFT_EMIT_LOC_STRINGS = NO;
				SWIFT_VERSION = 5.0;
				TARGETED_DEVICE_FAMILY = "1,2";
				TEST_TARGET_NAME = "I am Poor";
			};
			name = Release;
		};
/* End XCBuildConfiguration section */

/* Begin XCConfigurationList section */
		3F73DFA52A4A25D7000BEC25 /* Build configuration list for PBXProject "I am Poor" */ = {
			isa = XCConfigurationList;
			buildConfigurations = (
				3F73DFD22A4A25D9000BEC25 /* Debug */,
				3F73DFD32A4A25D9000BEC25 /* Release */,
			);
			defaultConfigurationIsVisible = 0;
			defaultConfigurationName = Release;
		};
		3F73DFD42A4A25D9000BEC25 /* Build configuration list for PBXNativeTarget "I am Poor" */ = {
			isa = XCConfigurationList;
			buildConfigurations = (
				3F73DFD52A4A25D9000BEC25 /* Debug */,
				3F73DFD62A4A25D9000BEC25 /* Release */,
			);
			defaultConfigurationIsVisible = 0;
			defaultConfigurationName = Release;
		};
		3F73DFD72A4A25D9000BEC25 /* Build configuration list for PBXNativeTarget "I am PoorTests" */ = {
			isa = XCConfigurationList;
			buildConfigurations = (
				3F73DFD82A4A25D9000BEC25 /* Debug */,
				3F73DFD92A4A25D9000BEC25 /* Release */,
			);
			defaultConfigurationIsVisible = 0;
			defaultConfigurationName = Release;
		};
		3F73DFDA2A4A25D9000BEC25 /* Build configuration list for PBXNativeTarget "I am PoorUITests" */ = {
			isa = XCConfigurationList;
			buildConfigurations = (
				3F73DFDB2A4A25D9000BEC25 /* Debug */,
				3F73DFDC2A4A25D9000BEC25 /* Release */,
			);
			defaultConfigurationIsVisible = 0;
			defaultConfigurationName = Release;
		};
/* End XCConfigurationList section */
	};
	rootObject = 3F73DFA22A4A25D7000BEC25 /* Project object */;
}
